
Microsoft Visual Studio Solution File, Format Version 12.00
# Visual Studio Version 17
VisualStudioVersion = 17.8.34004.107
MinimumVisualStudioVersion = 10.0.40219.1
Project("{FAE04EC0-301F-11D3-BF4B-00C04F79EFBC}") = "BanDoOnline", "BanDoOnline\BanDoOnline.csproj", "{43A8A918-A58A-4E7D-A054-062A68A49F63}"
EndProject
Global
	GlobalSection(SolutionConfigurationPlatforms) = preSolution
		Debug|Any CPU = Debug|Any CPU
		Release|Any CPU = Release|Any CPU
	EndGlobalSection
	GlobalSection(ProjectConfigurationPlatforms) = postSolution
		{43A8A918-A58A-4E7D-A054-062A68A49F63}.Debug|Any CPU.ActiveCfg = Debug|Any CPU
		{43A8A918-A58A-4E7D-A054-062A68A49F63}.Debug|Any CPU.Build.0 = Debug|Any CPU
		{43A8A918-A58A-4E7D-A054-062A68A49F63}.Release|Any CPU.ActiveCfg = Release|Any CPU
		{43A8A918-A58A-4E7D-A054-062A68A49F63}.Release|Any CPU.Build.0 = Release|Any CPU
	EndGlobalSection
	GlobalSection(SolutionProperties) = preSolution
		HideSolutionNode = FALSE
	EndGlobalSection
	GlobalSection(ExtensibilityGlobals) = postSolution
		SolutionGuid = {6E1B710D-B30A-4504-ACF7-C9395D42F9D8}
	EndGlobalSection
EndGlobal
